
Microsoft Visual Studio Solution File, Format Version 12.00
# Visual Studio Version 16
VisualStudioVersion = 16.0.31321.278
MinimumVisualStudioVersion = 10.0.40219.1
Project("{FAE04EC0-301F-11D3-BF4B-00C04F79EFBC}") = "AP_Gestion_HALAOUI", "AP_Gestion_HALAOUI\AP_Gestion_HALAOUI.csproj", "{9A840E20-C017-459D-9D82-B5B33136977C}"
EndProject
Global
	GlobalSection(SolutionConfigurationPlatforms) = preSolution
		Debug|Any CPU = Debug|Any CPU
		Release|Any CPU = Release|Any CPU
	EndGlobalSection
	GlobalSection(ProjectConfigurationPlatforms) = postSolution
		{9A840E20-C017-459D-9D82-B5B33136977C}.Debug|Any CPU.ActiveCfg = Debug|Any CPU
		{9A840E20-C017-459D-9D82-B5B33136977C}.Debug|Any CPU.Build.0 = Debug|Any CPU
		{9A840E20-C017-459D-9D82-B5B33136977C}.Release|Any CPU.ActiveCfg = Release|Any CPU
		{9A840E20-C017-459D-9D82-B5B33136977C}.Release|Any CPU.Build.0 = Release|Any CPU
	EndGlobalSection
	GlobalSection(SolutionProperties) = preSolution
		HideSolutionNode = FALSE
	EndGlobalSection
	GlobalSection(ExtensibilityGlobals) = postSolution
		SolutionGuid = {B9999EB5-E2E1-4C4F-8A48-B1A1F43BD223}
	EndGlobalSection
EndGlobal
